
Microsoft Visual Studio Solution File, Format Version 12.00
# Visual Studio 15
Project("{FAE04EC0-301F-11D3-BF4B-00C04F79EFBC}") = "NewAssembly", "NewAssembly.csproj", "{39B4220A-68D3-115F-C55F-51804F713887}"
EndProject
Project("{FAE04EC0-301F-11D3-BF4B-00C04F79EFBC}") = "Tests", "Tests.csproj", "{33730E42-38FE-ECC0-AE75-5230CF1D5C6F}"
EndProject
Global
	GlobalSection(SolutionConfigurationPlatforms) = preSolution
		Debug|Any CPU = Debug|Any CPU
		Release|Any CPU = Release|Any CPU
	EndGlobalSection
	GlobalSection(ProjectConfigurationPlatforms) = postSolution
		{39B4220A-68D3-115F-C55F-51804F713887}.Debug|Any CPU.ActiveCfg = Debug|Any CPU
		{39B4220A-68D3-115F-C55F-51804F713887}.Debug|Any CPU.Build.0 = Debug|Any CPU
		{39B4220A-68D3-115F-C55F-51804F713887}.Release|Any CPU.ActiveCfg = Release|Any CPU
		{39B4220A-68D3-115F-C55F-51804F713887}.Release|Any CPU.Build.0 = Release|Any CPU
		{33730E42-38FE-ECC0-AE75-5230CF1D5C6F}.Debug|Any CPU.ActiveCfg = Debug|Any CPU
		{33730E42-38FE-ECC0-AE75-5230CF1D5C6F}.Debug|Any CPU.Build.0 = Debug|Any CPU
		{33730E42-38FE-ECC0-AE75-5230CF1D5C6F}.Release|Any CPU.ActiveCfg = Release|Any CPU
		{33730E42-38FE-ECC0-AE75-5230CF1D5C6F}.Release|Any CPU.Build.0 = Release|Any CPU
	EndGlobalSection
	GlobalSection(SolutionProperties) = preSolution
		HideSolutionNode = FALSE
	EndGlobalSection
EndGlobal
